
Microsoft Visual Studio Solution File, Format Version 12.00
# Visual Studio Version 16
VisualStudioVersion = 16.0.29324.140
MinimumVisualStudioVersion = 10.0.40219.1
Project("{9A19103F-16F7-4668-BE54-9A1E7A4F7556}") = "AlgorithmLib", "AlgorithmLib\AlgorithmLib.csproj", "{3156C3B4-D57D-4293-BCCE-160E1B81E989}"
EndProject
Project("{9A19103F-16F7-4668-BE54-9A1E7A4F7556}") = "AlgorithmLib.Console", "AlgorithmLib.Console\AlgorithmLib.Console.csproj", "{6A956386-EE36-4C86-A97F-16B86757B906}"
EndProject
Project("{9A19103F-16F7-4668-BE54-9A1E7A4F7556}") = "AlgorithmLib.Test", "AlgorithmLib.Test\AlgorithmLib.Test.csproj", "{3CFFBE85-9A55-4E69-A31D-6C8A507E86FC}"
EndProject
Project("{8BC9CEB8-8B4A-11D0-8D11-00A0C91BC942}") = "AlgorithmLib.Allocator", "AlgorithmLib.Allocator\AlgorithmLib.Allocator.vcxproj", "{D6444A13-517E-4BF2-8EB3-126A560C0E96}"
EndProject
Global
	GlobalSection(SolutionConfigurationPlatforms) = preSolution
		Debug|Any CPU = Debug|Any CPU
		Debug|x64 = Debug|x64
		Debug|x86 = Debug|x86
		Release|Any CPU = Release|Any CPU
		Release|x64 = Release|x64
		Release|x86 = Release|x86
	EndGlobalSection
	GlobalSection(ProjectConfigurationPlatforms) = postSolution
		{3156C3B4-D57D-4293-BCCE-160E1B81E989}.Debug|Any CPU.ActiveCfg = Debug|Any CPU
		{3156C3B4-D57D-4293-BCCE-160E1B81E989}.Debug|Any CPU.Build.0 = Debug|Any CPU
		{3156C3B4-D57D-4293-BCCE-160E1B81E989}.Debug|x64.ActiveCfg = Debug|Any CPU
		{3156C3B4-D57D-4293-BCCE-160E1B81E989}.Debug|x64.Build.0 = Debug|Any CPU
		{3156C3B4-D57D-4293-BCCE-160E1B81E989}.Debug|x86.ActiveCfg = Debug|Any CPU
		{3156C3B4-D57D-4293-BCCE-160E1B81E989}.Debug|x86.Build.0 = Debug|Any CPU
		{3156C3B4-D57D-4293-BCCE-160E1B81E989}.Release|Any CPU.ActiveCfg = Release|Any CPU
		{3156C3B4-D57D-4293-BCCE-160E1B81E989}.Release|Any CPU.Build.0 = Release|Any CPU
		{3156C3B4-D57D-4293-BCCE-160E1B81E989}.Release|x64.ActiveCfg = Release|Any CPU
		{3156C3B4-D57D-4293-BCCE-160E1B81E989}.Release|x64.Build.0 = Release|Any CPU
		{3156C3B4-D57D-4293-BCCE-160E1B81E989}.Release|x86.ActiveCfg = Release|Any CPU
		{3156C3B4-D57D-4293-BCCE-160E1B81E989}.Release|x86.Build.0 = Release|Any CPU
		{6A956386-EE36-4C86-A97F-16B86757B906}.Debug|Any CPU.ActiveCfg = Debug|Any CPU
		{6A956386-EE36-4C86-A97F-16B86757B906}.Debug|Any CPU.Build.0 = Debug|Any CPU
		{6A956386-EE36-4C86-A97F-16B86757B906}.Debug|x64.ActiveCfg = Debug|Any CPU
		{6A956386-EE36-4C86-A97F-16B86757B906}.Debug|x64.Build.0 = Debug|Any CPU
		{6A956386-EE36-4C86-A97F-16B86757B906}.Debug|x86.ActiveCfg = Debug|Any CPU
		{6A956386-EE36-4C86-A97F-16B86757B906}.Debug|x86.Build.0 = Debug|Any CPU
		{6A956386-EE36-4C86-A97F-16B86757B906}.Release|Any CPU.ActiveCfg = Release|Any CPU
		{6A956386-EE36-4C86-A97F-16B86757B906}.Release|Any CPU.Build.0 = Release|Any CPU
		{6A956386-EE36-4C86-A97F-16B86757B906}.Release|x64.ActiveCfg = Release|Any CPU
		{6A956386-EE36-4C86-A97F-16B86757B906}.Release|x64.Build.0 = Release|Any CPU
		{6A956386-EE36-4C86-A97F-16B86757B906}.Release|x86.ActiveCfg = Release|Any CPU
		{6A956386-EE36-4C86-A97F-16B86757B906}.Release|x86.Build.0 = Release|Any CPU
		{3CFFBE85-9A55-4E69-A31D-6C8A507E86FC}.Debug|Any CPU.ActiveCfg = Debug|Any CPU
		{3CFFBE85-9A55-4E69-A31D-6C8A507E86FC}.Debug|Any CPU.Build.0 = Debug|Any CPU
		{3CFFBE85-9A55-4E69-A31D-6C8A507E86FC}.Debug|x64.ActiveCfg = Debug|Any CPU
		{3CFFBE85-9A55-4E69-A31D-6C8A507E86FC}.Debug|x64.Build.0 = Debug|Any CPU
		{3CFFBE85-9A55-4E69-A31D-6C8A507E86FC}.Debug|x86.ActiveCfg = Debug|Any CPU
		{3CFFBE85-9A55-4E69-A31D-6C8A507E86FC}.Debug|x86.Build.0 = Debug|Any CPU
		{3CFFBE85-9A55-4E69-A31D-6C8A507E86FC}.Release|Any CPU.ActiveCfg = Release|Any CPU
		{3CFFBE85-9A55-4E69-A31D-6C8A507E86FC}.Release|Any CPU.Build.0 = Release|Any CPU
		{3CFFBE85-9A55-4E69-A31D-6C8A507E86FC}.Release|x64.ActiveCfg = Release|Any CPU
		{3CFFBE85-9A55-4E69-A31D-6C8A507E86FC}.Release|x64.Build.0 = Release|Any CPU
		{3CFFBE85-9A55-4E69-A31D-6C8A507E86FC}.Release|x86.ActiveCfg = Release|Any CPU
		{3CFFBE85-9A55-4E69-A31D-6C8A507E86FC}.Release|x86.Build.0 = Release|Any CPU
		{D6444A13-517E-4BF2-8EB3-126A560C0E96}.Debug|Any CPU.ActiveCfg = Debug|Win32
		{D6444A13-517E-4BF2-8EB3-126A560C0E96}.Debug|x64.ActiveCfg = Debug|x64
		{D6444A13-517E-4BF2-8EB3-126A560C0E96}.Debug|x64.Build.0 = Debug|x64
		{D6444A13-517E-4BF2-8EB3-126A560C0E96}.Debug|x86.ActiveCfg = Debug|Win32
		{D6444A13-517E-4BF2-8EB3-126A560C0E96}.Debug|x86.Build.0 = Debug|Win32
		{D6444A13-517E-4BF2-8EB3-126A560C0E96}.Release|Any CPU.ActiveCfg = Release|Win32
		{D6444A13-517E-4BF2-8EB3-126A560C0E96}.Release|x64.ActiveCfg = Release|x64
		{D6444A13-517E-4BF2-8EB3-126A560C0E96}.Release|x64.Build.0 = Release|x64
		{D6444A13-517E-4BF2-8EB3-126A560C0E96}.Release|x86.ActiveCfg = Release|Win32
		{D6444A13-517E-4BF2-8EB3-126A560C0E96}.Release|x86.Build.0 = Release|Win32
	EndGlobalSection
	GlobalSection(SolutionProperties) = preSolution
		HideSolutionNode = FALSE
	EndGlobalSection
	GlobalSection(ExtensibilityGlobals) = postSolution
		SolutionGuid = {D38F2CB6-C569-48D4-8AAB-CC59F15E7CF3}
	EndGlobalSection
EndGlobal
